
Microsoft Visual Studio Solution File, Format Version 12.00
# Visual Studio 15
VisualStudioVersion = 15.0.26124.0
MinimumVisualStudioVersion = 15.0.26124.0
Project("{2150E333-8FDC-42A3-9474-1A3956D46DE8}") = "experiments", "experiments", "{10BC98EE-6EED-40B6-BF9B-CA2D0D152457}"
EndProject
Project("{FAE04EC0-301F-11D3-BF4B-00C04F79EFBC}") = "ManualJwt.Client", "experiments\ManualJwt.Client\ManualJwt.Client.csproj", "{9CDF22BF-F900-4020-A72A-4F514B2EF640}"
EndProject
Project("{FAE04EC0-301F-11D3-BF4B-00C04F79EFBC}") = "ManualJwt.Server", "experiments\ManualJwt.Server\ManualJwt.Server.csproj", "{9AFB220A-7A2A-48E1-A5DB-36B8CFAAB565}"
EndProject
Project("{FAE04EC0-301F-11D3-BF4B-00C04F79EFBC}") = "Negotiate.Client", "experiments\Negotiate.Client\Negotiate.Client.csproj", "{8603CC18-B631-4C37-9249-F01F036A7E77}"
EndProject
Project("{FAE04EC0-301F-11D3-BF4B-00C04F79EFBC}") = "Negotiate.Server", "experiments\Negotiate.Server\Negotiate.Server.csproj", "{42D4D722-C425-4E7B-A600-1207BD23106D}"
EndProject
Project("{FAE04EC0-301F-11D3-BF4B-00C04F79EFBC}") = "NegotiatedJwt.Client", "experiments\NegotiatedJwt.Client\NegotiatedJwt.Client.csproj", "{B41E88E5-C99B-4CF5-8835-037248EE5C19}"
EndProject
Project("{FAE04EC0-301F-11D3-BF4B-00C04F79EFBC}") = "NegotiatedJwt.Server", "experiments\NegotiatedJwt.Server\NegotiatedJwt.Server.csproj", "{A47BF2A8-C040-463F-AA5A-C533F86A1FE4}"
EndProject
Project("{FAE04EC0-301F-11D3-BF4B-00C04F79EFBC}") = "Zyborg.AspNetCore.Authentication.NegotiatedToken", "Zyborg.AspNetCore.Authentication.NegotiatedToken\Zyborg.AspNetCore.Authentication.NegotiatedToken.csproj", "{B7DF5E13-38CB-4262-A311-34548E6A47BA}"
EndProject
Project("{FAE04EC0-301F-11D3-BF4B-00C04F79EFBC}") = "Zyborg.NegotiatedToken.Client", "Zyborg.NegotiatedToken.Client\Zyborg.NegotiatedToken.Client.csproj", "{3B812C8B-443D-4A26-B23F-ABEB405F0852}"
EndProject
Project("{2150E333-8FDC-42A3-9474-1A3956D46DE8}") = "examples", "examples", "{F54CD180-2C82-47C6-8335-FEF2D2892E54}"
EndProject
Project("{FAE04EC0-301F-11D3-BF4B-00C04F79EFBC}") = "Example.Web.Client", "examples\Example.Web.Client\Example.Web.Client.csproj", "{24888BCC-1657-4995-8A2C-D2ED5E7003F9}"
EndProject
Project("{FAE04EC0-301F-11D3-BF4B-00C04F79EFBC}") = "Example.Web.Server", "examples\Example.Web.Server\Example.Web.Server.csproj", "{5BA6AEC8-4F82-4245-9E5F-067038A29894}"
EndProject
Project("{FAE04EC0-301F-11D3-BF4B-00C04F79EFBC}") = "Example.GRPC.Client", "examples\Example.GRPC.Client\Example.GRPC.Client.csproj", "{33C7A721-5DE1-4C04-99F4-735E2FECFA7C}"
EndProject
Project("{FAE04EC0-301F-11D3-BF4B-00C04F79EFBC}") = "Example.GRPC.Server", "examples\Example.GRPC.Server\Example.GRPC.Server.csproj", "{88CFF33B-576B-40A7-B079-3EED5BEB7CFF}"
EndProject
Global
	GlobalSection(SolutionConfigurationPlatforms) = preSolution
		Debug|Any CPU = Debug|Any CPU
		Debug|x64 = Debug|x64
		Debug|x86 = Debug|x86
		Release|Any CPU = Release|Any CPU
		Release|x64 = Release|x64
		Release|x86 = Release|x86
	EndGlobalSection
	GlobalSection(SolutionProperties) = preSolution
		HideSolutionNode = FALSE
	EndGlobalSection
	GlobalSection(ProjectConfigurationPlatforms) = postSolution
		{9CDF22BF-F900-4020-A72A-4F514B2EF640}.Debug|Any CPU.ActiveCfg = Debug|Any CPU
		{9CDF22BF-F900-4020-A72A-4F514B2EF640}.Debug|Any CPU.Build.0 = Debug|Any CPU
		{9CDF22BF-F900-4020-A72A-4F514B2EF640}.Debug|x64.ActiveCfg = Debug|Any CPU
		{9CDF22BF-F900-4020-A72A-4F514B2EF640}.Debug|x64.Build.0 = Debug|Any CPU
		{9CDF22BF-F900-4020-A72A-4F514B2EF640}.Debug|x86.ActiveCfg = Debug|Any CPU
		{9CDF22BF-F900-4020-A72A-4F514B2EF640}.Debug|x86.Build.0 = Debug|Any CPU
		{9CDF22BF-F900-4020-A72A-4F514B2EF640}.Release|Any CPU.ActiveCfg = Release|Any CPU
		{9CDF22BF-F900-4020-A72A-4F514B2EF640}.Release|Any CPU.Build.0 = Release|Any CPU
		{9CDF22BF-F900-4020-A72A-4F514B2EF640}.Release|x64.ActiveCfg = Release|Any CPU
		{9CDF22BF-F900-4020-A72A-4F514B2EF640}.Release|x64.Build.0 = Release|Any CPU
		{9CDF22BF-F900-4020-A72A-4F514B2EF640}.Release|x86.ActiveCfg = Release|Any CPU
		{9CDF22BF-F900-4020-A72A-4F514B2EF640}.Release|x86.Build.0 = Release|Any CPU
		{9AFB220A-7A2A-48E1-A5DB-36B8CFAAB565}.Debug|Any CPU.ActiveCfg = Debug|Any CPU
		{9AFB220A-7A2A-48E1-A5DB-36B8CFAAB565}.Debug|Any CPU.Build.0 = Debug|Any CPU
		{9AFB220A-7A2A-48E1-A5DB-36B8CFAAB565}.Debug|x64.ActiveCfg = Debug|Any CPU
		{9AFB220A-7A2A-48E1-A5DB-36B8CFAAB565}.Debug|x64.Build.0 = Debug|Any CPU
		{9AFB220A-7A2A-48E1-A5DB-36B8CFAAB565}.Debug|x86.ActiveCfg = Debug|Any CPU
		{9AFB220A-7A2A-48E1-A5DB-36B8CFAAB565}.Debug|x86.Build.0 = Debug|Any CPU
		{9AFB220A-7A2A-48E1-A5DB-36B8CFAAB565}.Release|Any CPU.ActiveCfg = Release|Any CPU
		{9AFB220A-7A2A-48E1-A5DB-36B8CFAAB565}.Release|Any CPU.Build.0 = Release|Any CPU
		{9AFB220A-7A2A-48E1-A5DB-36B8CFAAB565}.Release|x64.ActiveCfg = Release|Any CPU
		{9AFB220A-7A2A-48E1-A5DB-36B8CFAAB565}.Release|x64.Build.0 = Release|Any CPU
		{9AFB220A-7A2A-48E1-A5DB-36B8CFAAB565}.Release|x86.ActiveCfg = Release|Any CPU
		{9AFB220A-7A2A-48E1-A5DB-36B8CFAAB565}.Release|x86.Build.0 = Release|Any CPU
		{8603CC18-B631-4C37-9249-F01F036A7E77}.Debug|Any CPU.ActiveCfg = Debug|Any CPU
		{8603CC18-B631-4C37-9249-F01F036A7E77}.Debug|Any CPU.Build.0 = Debug|Any CPU
		{8603CC18-B631-4C37-9249-F01F036A7E77}.Debug|x64.ActiveCfg = Debug|Any CPU
		{8603CC18-B631-4C37-9249-F01F036A7E77}.Debug|x64.Build.0 = Debug|Any CPU
		{8603CC18-B631-4C37-9249-F01F036A7E77}.Debug|x86.ActiveCfg = Debug|Any CPU
		{8603CC18-B631-4C37-9249-F01F036A7E77}.Debug|x86.Build.0 = Debug|Any CPU
		{8603CC18-B631-4C37-9249-F01F036A7E77}.Release|Any CPU.ActiveCfg = Release|Any CPU
		{8603CC18-B631-4C37-9249-F01F036A7E77}.Release|Any CPU.Build.0 = Release|Any CPU
		{8603CC18-B631-4C37-9249-F01F036A7E77}.Release|x64.ActiveCfg = Release|Any CPU
		{8603CC18-B631-4C37-9249-F01F036A7E77}.Release|x64.Build.0 = Release|Any CPU
		{8603CC18-B631-4C37-9249-F01F036A7E77}.Release|x86.ActiveCfg = Release|Any CPU
		{8603CC18-B631-4C37-9249-F01F036A7E77}.Release|x86.Build.0 = Release|Any CPU
		{42D4D722-C425-4E7B-A600-1207BD23106D}.Debug|Any CPU.ActiveCfg = Debug|Any CPU
		{42D4D722-C425-4E7B-A600-1207BD23106D}.Debug|Any CPU.Build.0 = Debug|Any CPU
		{42D4D722-C425-4E7B-A600-1207BD23106D}.Debug|x64.ActiveCfg = Debug|Any CPU
		{42D4D722-C425-4E7B-A600-1207BD23106D}.Debug|x64.Build.0 = Debug|Any CPU
		{42D4D722-C425-4E7B-A600-1207BD23106D}.Debug|x86.ActiveCfg = Debug|Any CPU
		{42D4D722-C425-4E7B-A600-1207BD23106D}.Debug|x86.Build.0 = Debug|Any CPU
		{42D4D722-C425-4E7B-A600-1207BD23106D}.Release|Any CPU.ActiveCfg = Release|Any CPU
		{42D4D722-C425-4E7B-A600-1207BD23106D}.Release|Any CPU.Build.0 = Release|Any CPU
		{42D4D722-C425-4E7B-A600-1207BD23106D}.Release|x64.ActiveCfg = Release|Any CPU
		{42D4D722-C425-4E7B-A600-1207BD23106D}.Release|x64.Build.0 = Release|Any CPU
		{42D4D722-C425-4E7B-A600-1207BD23106D}.Release|x86.ActiveCfg = Release|Any CPU
		{42D4D722-C425-4E7B-A600-1207BD23106D}.Release|x86.Build.0 = Release|Any CPU
		{B41E88E5-C99B-4CF5-8835-037248EE5C19}.Debug|Any CPU.ActiveCfg = Debug|Any CPU
		{B41E88E5-C99B-4CF5-8835-037248EE5C19}.Debug|Any CPU.Build.0 = Debug|Any CPU
		{B41E88E5-C99B-4CF5-8835-037248EE5C19}.Debug|x64.ActiveCfg = Debug|Any CPU
		{B41E88E5-C99B-4CF5-8835-037248EE5C19}.Debug|x64.Build.0 = Debug|Any CPU
		{B41E88E5-C99B-4CF5-8835-037248EE5C19}.Debug|x86.ActiveCfg = Debug|Any CPU
		{B41E88E5-C99B-4CF5-8835-037248EE5C19}.Debug|x86.Build.0 = Debug|Any CPU
		{B41E88E5-C99B-4CF5-8835-037248EE5C19}.Release|Any CPU.ActiveCfg = Release|Any CPU
		{B41E88E5-C99B-4CF5-8835-037248EE5C19}.Release|Any CPU.Build.0 = Release|Any CPU
		{B41E88E5-C99B-4CF5-8835-037248EE5C19}.Release|x64.ActiveCfg = Release|Any CPU
		{B41E88E5-C99B-4CF5-8835-037248EE5C19}.Release|x64.Build.0 = Release|Any CPU
		{B41E88E5-C99B-4CF5-8835-037248EE5C19}.Release|x86.ActiveCfg = Release|Any CPU
		{B41E88E5-C99B-4CF5-8835-037248EE5C19}.Release|x86.Build.0 = Release|Any CPU
		{A47BF2A8-C040-463F-AA5A-C533F86A1FE4}.Debug|Any CPU.ActiveCfg = Debug|Any CPU
		{A47BF2A8-C040-463F-AA5A-C533F86A1FE4}.Debug|Any CPU.Build.0 = Debug|Any CPU
		{A47BF2A8-C040-463F-AA5A-C533F86A1FE4}.Debug|x64.ActiveCfg = Debug|Any CPU
		{A47BF2A8-C040-463F-AA5A-C533F86A1FE4}.Debug|x64.Build.0 = Debug|Any CPU
		{A47BF2A8-C040-463F-AA5A-C533F86A1FE4}.Debug|x86.ActiveCfg = Debug|Any CPU
		{A47BF2A8-C040-463F-AA5A-C533F86A1FE4}.Debug|x86.Build.0 = Debug|Any CPU
		{A47BF2A8-C040-463F-AA5A-C533F86A1FE4}.Release|Any CPU.ActiveCfg = Release|Any CPU
		{A47BF2A8-C040-463F-AA5A-C533F86A1FE4}.Release|Any CPU.Build.0 = Release|Any CPU
		{A47BF2A8-C040-463F-AA5A-C533F86A1FE4}.Release|x64.ActiveCfg = Release|Any CPU
		{A47BF2A8-C040-463F-AA5A-C533F86A1FE4}.Release|x64.Build.0 = Release|Any CPU
		{A47BF2A8-C040-463F-AA5A-C533F86A1FE4}.Release|x86.ActiveCfg = Release|Any CPU
		{A47BF2A8-C040-463F-AA5A-C533F86A1FE4}.Release|x86.Build.0 = Release|Any CPU
		{B7DF5E13-38CB-4262-A311-34548E6A47BA}.Debug|Any CPU.ActiveCfg = Debug|Any CPU
		{B7DF5E13-38CB-4262-A311-34548E6A47BA}.Debug|Any CPU.Build.0 = Debug|Any CPU
		{B7DF5E13-38CB-4262-A311-34548E6A47BA}.Debug|x64.ActiveCfg = Debug|Any CPU
		{B7DF5E13-38CB-4262-A311-34548E6A47BA}.Debug|x64.Build.0 = Debug|Any CPU
		{B7DF5E13-38CB-4262-A311-34548E6A47BA}.Debug|x86.ActiveCfg = Debug|Any CPU
		{B7DF5E13-38CB-4262-A311-34548E6A47BA}.Debug|x86.Build.0 = Debug|Any CPU
		{B7DF5E13-38CB-4262-A311-34548E6A47BA}.Release|Any CPU.ActiveCfg = Release|Any CPU
		{B7DF5E13-38CB-4262-A311-34548E6A47BA}.Release|Any CPU.Build.0 = Release|Any CPU
		{B7DF5E13-38CB-4262-A311-34548E6A47BA}.Release|x64.ActiveCfg = Release|Any CPU
		{B7DF5E13-38CB-4262-A311-34548E6A47BA}.Release|x64.Build.0 = Release|Any CPU
		{B7DF5E13-38CB-4262-A311-34548E6A47BA}.Release|x86.ActiveCfg = Release|Any CPU
		{B7DF5E13-38CB-4262-A311-34548E6A47BA}.Release|x86.Build.0 = Release|Any CPU
		{3B812C8B-443D-4A26-B23F-ABEB405F0852}.Debug|Any CPU.ActiveCfg = Debug|Any CPU
		{3B812C8B-443D-4A26-B23F-ABEB405F0852}.Debug|Any CPU.Build.0 = Debug|Any CPU
		{3B812C8B-443D-4A26-B23F-ABEB405F0852}.Debug|x64.ActiveCfg = Debug|Any CPU
		{3B812C8B-443D-4A26-B23F-ABEB405F0852}.Debug|x64.Build.0 = Debug|Any CPU
		{3B812C8B-443D-4A26-B23F-ABEB405F0852}.Debug|x86.ActiveCfg = Debug|Any CPU
		{3B812C8B-443D-4A26-B23F-ABEB405F0852}.Debug|x86.Build.0 = Debug|Any CPU
		{3B812C8B-443D-4A26-B23F-ABEB405F0852}.Release|Any CPU.ActiveCfg = Release|Any CPU
		{3B812C8B-443D-4A26-B23F-ABEB405F0852}.Release|Any CPU.Build.0 = Release|Any CPU
		{3B812C8B-443D-4A26-B23F-ABEB405F0852}.Release|x64.ActiveCfg = Release|Any CPU
		{3B812C8B-443D-4A26-B23F-ABEB405F0852}.Release|x64.Build.0 = Release|Any CPU
		{3B812C8B-443D-4A26-B23F-ABEB405F0852}.Release|x86.ActiveCfg = Release|Any CPU
		{3B812C8B-443D-4A26-B23F-ABEB405F0852}.Release|x86.Build.0 = Release|Any CPU
		{24888BCC-1657-4995-8A2C-D2ED5E7003F9}.Debug|Any CPU.ActiveCfg = Debug|Any CPU
		{24888BCC-1657-4995-8A2C-D2ED5E7003F9}.Debug|Any CPU.Build.0 = Debug|Any CPU
		{24888BCC-1657-4995-8A2C-D2ED5E7003F9}.Debug|x64.ActiveCfg = Debug|Any CPU
		{24888BCC-1657-4995-8A2C-D2ED5E7003F9}.Debug|x64.Build.0 = Debug|Any CPU
		{24888BCC-1657-4995-8A2C-D2ED5E7003F9}.Debug|x86.ActiveCfg = Debug|Any CPU
		{24888BCC-1657-4995-8A2C-D2ED5E7003F9}.Debug|x86.Build.0 = Debug|Any CPU
		{24888BCC-1657-4995-8A2C-D2ED5E7003F9}.Release|Any CPU.ActiveCfg = Release|Any CPU
		{24888BCC-1657-4995-8A2C-D2ED5E7003F9}.Release|Any CPU.Build.0 = Release|Any CPU
		{24888BCC-1657-4995-8A2C-D2ED5E7003F9}.Release|x64.ActiveCfg = Release|Any CPU
		{24888BCC-1657-4995-8A2C-D2ED5E7003F9}.Release|x64.Build.0 = Release|Any CPU
		{24888BCC-1657-4995-8A2C-D2ED5E7003F9}.Release|x86.ActiveCfg = Release|Any CPU
		{24888BCC-1657-4995-8A2C-D2ED5E7003F9}.Release|x86.Build.0 = Release|Any CPU
		{5BA6AEC8-4F82-4245-9E5F-067038A29894}.Debug|Any CPU.ActiveCfg = Debug|Any CPU
		{5BA6AEC8-4F82-4245-9E5F-067038A29894}.Debug|Any CPU.Build.0 = Debug|Any CPU
		{5BA6AEC8-4F82-4245-9E5F-067038A29894}.Debug|x64.ActiveCfg = Debug|Any CPU
		{5BA6AEC8-4F82-4245-9E5F-067038A29894}.Debug|x64.Build.0 = Debug|Any CPU
		{5BA6AEC8-4F82-4245-9E5F-067038A29894}.Debug|x86.ActiveCfg = Debug|Any CPU
		{5BA6AEC8-4F82-4245-9E5F-067038A29894}.Debug|x86.Build.0 = Debug|Any CPU
		{5BA6AEC8-4F82-4245-9E5F-067038A29894}.Release|Any CPU.ActiveCfg = Release|Any CPU
		{5BA6AEC8-4F82-4245-9E5F-067038A29894}.Release|Any CPU.Build.0 = Release|Any CPU
		{5BA6AEC8-4F82-4245-9E5F-067038A29894}.Release|x64.ActiveCfg = Release|Any CPU
		{5BA6AEC8-4F82-4245-9E5F-067038A29894}.Release|x64.Build.0 = Release|Any CPU
		{5BA6AEC8-4F82-4245-9E5F-067038A29894}.Release|x86.ActiveCfg = Release|Any CPU
		{5BA6AEC8-4F82-4245-9E5F-067038A29894}.Release|x86.Build.0 = Release|Any CPU
		{33C7A721-5DE1-4C04-99F4-735E2FECFA7C}.Debug|Any CPU.ActiveCfg = Debug|Any CPU
		{33C7A721-5DE1-4C04-99F4-735E2FECFA7C}.Debug|Any CPU.Build.0 = Debug|Any CPU
		{33C7A721-5DE1-4C04-99F4-735E2FECFA7C}.Debug|x64.ActiveCfg = Debug|Any CPU
		{33C7A721-5DE1-4C04-99F4-735E2FECFA7C}.Debug|x64.Build.0 = Debug|Any CPU
		{33C7A721-5DE1-4C04-99F4-735E2FECFA7C}.Debug|x86.ActiveCfg = Debug|Any CPU
		{33C7A721-5DE1-4C04-99F4-735E2FECFA7C}.Debug|x86.Build.0 = Debug|Any CPU
		{33C7A721-5DE1-4C04-99F4-735E2FECFA7C}.Release|Any CPU.ActiveCfg = Release|Any CPU
		{33C7A721-5DE1-4C04-99F4-735E2FECFA7C}.Release|Any CPU.Build.0 = Release|Any CPU
		{33C7A721-5DE1-4C04-99F4-735E2FECFA7C}.Release|x64.ActiveCfg = Release|Any CPU
		{33C7A721-5DE1-4C04-99F4-735E2FECFA7C}.Release|x64.Build.0 = Release|Any CPU
		{33C7A721-5DE1-4C04-99F4-735E2FECFA7C}.Release|x86.ActiveCfg = Release|Any CPU
		{33C7A721-5DE1-4C04-99F4-735E2FECFA7C}.Release|x86.Build.0 = Release|Any CPU
		{88CFF33B-576B-40A7-B079-3EED5BEB7CFF}.Debug|Any CPU.ActiveCfg = Debug|Any CPU
		{88CFF33B-576B-40A7-B079-3EED5BEB7CFF}.Debug|Any CPU.Build.0 = Debug|Any CPU
		{88CFF33B-576B-40A7-B079-3EED5BEB7CFF}.Debug|x64.ActiveCfg = Debug|Any CPU
		{88CFF33B-576B-40A7-B079-3EED5BEB7CFF}.Debug|x64.Build.0 = Debug|Any CPU
		{88CFF33B-576B-40A7-B079-3EED5BEB7CFF}.Debug|x86.ActiveCfg = Debug|Any CPU
		{88CFF33B-576B-40A7-B079-3EED5BEB7CFF}.Debug|x86.Build.0 = Debug|Any CPU
		{88CFF33B-576B-40A7-B079-3EED5BEB7CFF}.Release|Any CPU.ActiveCfg = Release|Any CPU
		{88CFF33B-576B-40A7-B079-3EED5BEB7CFF}.Release|Any CPU.Build.0 = Release|Any CPU
		{88CFF33B-576B-40A7-B079-3EED5BEB7CFF}.Release|x64.ActiveCfg = Release|Any CPU
		{88CFF33B-576B-40A7-B079-3EED5BEB7CFF}.Release|x64.Build.0 = Release|Any CPU
		{88CFF33B-576B-40A7-B079-3EED5BEB7CFF}.Release|x86.ActiveCfg = Release|Any CPU
		{88CFF33B-576B-40A7-B079-3EED5BEB7CFF}.Release|x86.Build.0 = Release|Any CPU
	EndGlobalSection
	GlobalSection(NestedProjects) = preSolution
		{9CDF22BF-F900-4020-A72A-4F514B2EF640} = {10BC98EE-6EED-40B6-BF9B-CA2D0D152457}
		{9AFB220A-7A2A-48E1-A5DB-36B8CFAAB565} = {10BC98EE-6EED-40B6-BF9B-CA2D0D152457}
		{8603CC18-B631-4C37-9249-F01F036A7E77} = {10BC98EE-6EED-40B6-BF9B-CA2D0D152457}
		{42D4D722-C425-4E7B-A600-1207BD23106D} = {10BC98EE-6EED-40B6-BF9B-CA2D0D152457}
		{B41E88E5-C99B-4CF5-8835-037248EE5C19} = {10BC98EE-6EED-40B6-BF9B-CA2D0D152457}
		{A47BF2A8-C040-463F-AA5A-C533F86A1FE4} = {10BC98EE-6EED-40B6-BF9B-CA2D0D152457}
		{24888BCC-1657-4995-8A2C-D2ED5E7003F9} = {F54CD180-2C82-47C6-8335-FEF2D2892E54}
		{5BA6AEC8-4F82-4245-9E5F-067038A29894} = {F54CD180-2C82-47C6-8335-FEF2D2892E54}
		{33C7A721-5DE1-4C04-99F4-735E2FECFA7C} = {F54CD180-2C82-47C6-8335-FEF2D2892E54}
		{88CFF33B-576B-40A7-B079-3EED5BEB7CFF} = {F54CD180-2C82-47C6-8335-FEF2D2892E54}
	EndGlobalSection
EndGlobal
